
Microsoft Visual Studio Solution File, Format Version 12.00
# Visual Studio Version 17
VisualStudioVersion = 17.1.32228.430
MinimumVisualStudioVersion = 10.0.40219.1
Project("{FAE04EC0-301F-11D3-BF4B-00C04F79EFBC}") = "AIProperty", "AIProperty\AIProperty.csproj", "{692A6404-B34F-4147-BC02-CAD65D2A7A66}"
EndProject
Global
	GlobalSection(SolutionConfigurationPlatforms) = preSolution
		Debug|Any CPU = Debug|Any CPU
		Release|Any CPU = Release|Any CPU
	EndGlobalSection
	GlobalSection(ProjectConfigurationPlatforms) = postSolution
		{692A6404-B34F-4147-BC02-CAD65D2A7A66}.Debug|Any CPU.ActiveCfg = Debug|Any CPU
		{692A6404-B34F-4147-BC02-CAD65D2A7A66}.Debug|Any CPU.Build.0 = Debug|Any CPU
		{692A6404-B34F-4147-BC02-CAD65D2A7A66}.Release|Any CPU.ActiveCfg = Release|Any CPU
		{692A6404-B34F-4147-BC02-CAD65D2A7A66}.Release|Any CPU.Build.0 = Release|Any CPU
	EndGlobalSection
	GlobalSection(SolutionProperties) = preSolution
		HideSolutionNode = FALSE
	EndGlobalSection
	GlobalSection(ExtensibilityGlobals) = postSolution
		SolutionGuid = {5B5FEA53-E73D-428D-B8B6-F05D3CA862E5}
	EndGlobalSection
EndGlobal
